
Microsoft Visual Studio Solution File, Format Version 12.00
# Visual Studio 2012
Project("{FAE04EC0-301F-11D3-BF4B-00C04F79EFBC}") = "GummiBearKingdom", "GummiBearKingdom\GummiBearKingdom.csproj", "{EAB66F64-120F-46B6-8917-70A07B9A237A}"
EndProject
Project("{FAE04EC0-301F-11D3-BF4B-00C04F79EFBC}") = "GummiBearKingdom.Tests", "GummiBearKingdom.Tests\GummiBearKingdom.Tests.csproj", "{9DE12049-A4C9-4E0E-9781-466DD45B4E99}"
EndProject
Global
	GlobalSection(SolutionConfigurationPlatforms) = preSolution
		Debug|Any CPU = Debug|Any CPU
		Release|Any CPU = Release|Any CPU
	EndGlobalSection
	GlobalSection(ProjectConfigurationPlatforms) = postSolution
		{EAB66F64-120F-46B6-8917-70A07B9A237A}.Debug|Any CPU.ActiveCfg = Debug|Any CPU
		{EAB66F64-120F-46B6-8917-70A07B9A237A}.Debug|Any CPU.Build.0 = Debug|Any CPU
		{EAB66F64-120F-46B6-8917-70A07B9A237A}.Release|Any CPU.ActiveCfg = Release|Any CPU
		{EAB66F64-120F-46B6-8917-70A07B9A237A}.Release|Any CPU.Build.0 = Release|Any CPU
		{9DE12049-A4C9-4E0E-9781-466DD45B4E99}.Debug|Any CPU.ActiveCfg = Debug|Any CPU
		{9DE12049-A4C9-4E0E-9781-466DD45B4E99}.Debug|Any CPU.Build.0 = Debug|Any CPU
		{9DE12049-A4C9-4E0E-9781-466DD45B4E99}.Release|Any CPU.ActiveCfg = Release|Any CPU
		{9DE12049-A4C9-4E0E-9781-466DD45B4E99}.Release|Any CPU.Build.0 = Release|Any CPU
	EndGlobalSection
EndGlobal
